
Microsoft Visual Studio Solution File, Format Version 12.00
# Visual Studio Version 17
VisualStudioVersion = 17.10.35013.160
MinimumVisualStudioVersion = 10.0.40219.1
Project("{FAE04EC0-301F-11D3-BF4B-00C04F79EFBC}") = "WpfApplication", "WpfApplication\WpfApplication.csproj", "{D6FCED76-287E-4469-B967-D1BB51951037}"
EndProject
Global
	GlobalSection(SolutionConfigurationPlatforms) = preSolution
		Debug|Any CPU = Debug|Any CPU
		Release|Any CPU = Release|Any CPU
	EndGlobalSection
	GlobalSection(ProjectConfigurationPlatforms) = postSolution
		{D6FCED76-287E-4469-B967-D1BB51951037}.Debug|Any CPU.ActiveCfg = Debug|Any CPU
		{D6FCED76-287E-4469-B967-D1BB51951037}.Debug|Any CPU.Build.0 = Debug|Any CPU
		{D6FCED76-287E-4469-B967-D1BB51951037}.Release|Any CPU.ActiveCfg = Release|Any CPU
		{D6FCED76-287E-4469-B967-D1BB51951037}.Release|Any CPU.Build.0 = Release|Any CPU
	EndGlobalSection
	GlobalSection(SolutionProperties) = preSolution
		HideSolutionNode = FALSE
	EndGlobalSection
	GlobalSection(ExtensibilityGlobals) = postSolution
		SolutionGuid = {FB7D1B27-F06B-431F-A0D9-27D8CCB0ABB7}
	EndGlobalSection
EndGlobal
